// !$*UTF8*$!
{
	archiveVersion = 1;
	classes = {
	};
	objectVersion = 56;
	objects = {

/* Begin PBXBuildFile section */
		19E11B952E2FC9BB00344005 /* NightlyFortuneApp.swift in Sources */ = {isa = PBXBuildFile; fileRef = 19E11B942E2FC9BB00344005 /* NightlyFortuneApp.swift */; };
		19E11B972E2FC9BB00344005 /* ContentView.swift in Sources */ = {isa = PBXBuildFile; fileRef = 19E11B962E2FC9BB00344005 /* ContentView.swift */; };
		19E11B992E2FC9BF00344005 /* Assets.xcassets in Resources */ = {isa = PBXBuildFile; fileRef = 19E11B982E2FC9BF00344005 /* Assets.xcassets */; };
		19E11B9C2E2FC9BF00344005 /* Preview Assets.xcassets in Resources */ = {isa = PBXBuildFile; fileRef = 19E11B9B2E2FC9BF00344005 /* Preview Assets.xcassets */; };
		19E11BA62E2FC9C000344005 /* NightlyFortuneTests.swift in Sources */ = {isa = PBXBuildFile; fileRef = 19E11BA52E2FC9C000344005 /* NightlyFortuneTests.swift */; };
		19E11BB02E2FC9C000344005 /* NightlyFortuneUITests.swift in Sources */ = {isa = PBXBuildFile; fileRef = 19E11BAF2E2FC9C000344005 /* NightlyFortuneUITests.swift */; };
		19E11BB22E2FC9C000344005 /* NightlyFortuneUITestsLaunchTests.swift in Sources */ = {isa = PBXBuildFile; fileRef = 19E11BB12E2FC9C000344005 /* NightlyFortuneUITestsLaunchTests.swift */; };
		19E11BBF2E2FCA0400344005 /* FortuneManager.swift in Sources */ = {isa = PBXBuildFile; fileRef = 19E11BBE2E2FCA0400344005 /* FortuneManager.swift */; };
		19E11BC12E2FCA2500344005 /* NotificationManager.swift in Sources */ = {isa = PBXBuildFile; fileRef = 19E11BC02E2FCA2500344005 /* NotificationManager.swift */; };
/* End PBXBuildFile section */

/* Begin PBXContainerItemProxy section */
		19E11BA22E2FC9C000344005 /* PBXContainerItemProxy */ = {
			isa = PBXContainerItemProxy;
			containerPortal = 19E11B892E2FC9BB00344005 /* Project object */;
			proxyType = 1;
			remoteGlobalIDString = 19E11B902E2FC9BB00344005;
			remoteInfo = NightlyFortune;
		};
		19E11BAC2E2FC9C000344005 /* PBXContainerItemProxy */ = {
			isa = PBXContainerItemProxy;
			containerPortal = 19E11B892E2FC9BB00344005 /* Project object */;
			proxyType = 1;
			remoteGlobalIDString = 19E11B902E2FC9BB00344005;
			remoteInfo = NightlyFortune;
		};
/* End PBXContainerItemProxy section */

/* Begin PBXFileReference section */
		19E11B912E2FC9BB00344005 /* NightlyFortune.app */ = {isa = PBXFileReference; explicitFileType = wrapper.application; includeInIndex = 0; path = NightlyFortune.app; sourceTree = BUILT_PRODUCTS_DIR; };
		19E11B942E2FC9BB00344005 /* NightlyFortuneApp.swift */ = {isa = PBXFileReference; lastKnownFileType = sourcecode.swift; path = NightlyFortuneApp.swift; sourceTree = "<group>"; };
		19E11B962E2FC9BB00344005 /* ContentView.swift */ = {isa = PBXFileReference; lastKnownFileType = sourcecode.swift; path = ContentView.swift; sourceTree = "<group>"; };
		19E11B982E2FC9BF00344005 /* Assets.xcassets */ = {isa = PBXFileReference; lastKnownFileType = folder.assetcatalog; path = Assets.xcassets; sourceTree = "<group>"; };
		19E11B9B2E2FC9BF00344005 /* Preview Assets.xcassets */ = {isa = PBXFileReference; lastKnownFileType = folder.assetcatalog; path = "Preview Assets.xcassets"; sourceTree = "<group>"; };
		19E11BA12E2FC9C000344005 /* NightlyFortuneTests.xctest */ = {isa = PBXFileReference; explicitFileType = wrapper.cfbundle; includeInIndex = 0; path = NightlyFortuneTests.xctest; sourceTree = BUILT_PRODUCTS_DIR; };
		19E11BA52E2FC9C000344005 /* NightlyFortuneTests.swift */ = {isa = PBXFileReference; lastKnownFileType = sourcecode.swift; path = NightlyFortuneTests.swift; sourceTree = "<group>"; };
		19E11BAB2E2FC9C000344005 /* NightlyFortuneUITests.xctest */ = {isa = PBXFileReference; explicitFileType = wrapper.cfbundle; includeInIndex = 0; path = NightlyFortuneUITests.xctest; sourceTree = BUILT_PRODUCTS_DIR; };
		19E11BAF2E2FC9C000344005 /* NightlyFortuneUITests.swift */ = {isa = PBXFileReference; lastKnownFileType = sourcecode.swift; path = NightlyFortuneUITests.swift; sourceTree = "<group>"; };
		19E11BB12E2FC9C000344005 /* NightlyFortuneUITestsLaunchTests.swift */ = {isa = PBXFileReference; lastKnownFileType = sourcecode.swift; path = NightlyFortuneUITestsLaunchTests.swift; sourceTree = "<group>"; };
		19E11BBE2E2FCA0400344005 /* FortuneManager.swift */ = {isa = PBXFileReference; lastKnownFileType = sourcecode.swift; path = FortuneManager.swift; sourceTree = "<group>"; };
		19E11BC02E2FCA2500344005 /* NotificationManager.swift */ = {isa = PBXFileReference; lastKnownFileType = sourcecode.swift; path = NotificationManager.swift; sourceTree = "<group>"; };
/* End PBXFileReference section */

/* Begin PBXFrameworksBuildPhase section */
		19E11B8E2E2FC9BB00344005 /* Frameworks */ = {
			isa = PBXFrameworksBuildPhase;
			buildActionMask = 2147483647;
			files = (
			);
			runOnlyForDeploymentPostprocessing = 0;
		};
		19E11B9E2E2FC9C000344005 /* Frameworks */ = {
			isa = PBXFrameworksBuildPhase;
			buildActionMask = 2147483647;
			files = (
			);
			runOnlyForDeploymentPostprocessing = 0;
		};
		19E11BA82E2FC9C000344005 /* Frameworks */ = {
			isa = PBXFrameworksBuildPhase;
			buildActionMask = 2147483647;
			files = (
			);
			runOnlyForDeploymentPostprocessing = 0;
		};
/* End PBXFrameworksBuildPhase section */

/* Begin PBXGroup section */
		19E11B882E2FC9BB00344005 = {
			isa = PBXGroup;
			children = (
				19E11B932E2FC9BB00344005 /* NightlyFortune */,
				19E11BA42E2FC9C000344005 /* NightlyFortuneTests */,
				19E11BAE2E2FC9C000344005 /* NightlyFortuneUITests */,
				19E11B922E2FC9BB00344005 /* Products */,
			);
			sourceTree = "<group>";
		};
		19E11B922E2FC9BB00344005 /* Products */ = {
			isa = PBXGroup;
			children = (
				19E11B912E2FC9BB00344005 /* NightlyFortune.app */,
				19E11BA12E2FC9C000344005 /* NightlyFortuneTests.xctest */,
				19E11BAB2E2FC9C000344005 /* NightlyFortuneUITests.xctest */,
			);
			name = Products;
			sourceTree = "<group>";
		};
		19E11B932E2FC9BB00344005 /* NightlyFortune */ = {
			isa = PBXGroup;
			children = (
				19E11B942E2FC9BB00344005 /* NightlyFortuneApp.swift */,
				19E11B962E2FC9BB00344005 /* ContentView.swift */,
				19E11B982E2FC9BF00344005 /* Assets.xcassets */,
				19E11B9A2E2FC9BF00344005 /* Preview Content */,
				19E11BBE2E2FCA0400344005 /* FortuneManager.swift */,
				19E11BC02E2FCA2500344005 /* NotificationManager.swift */,
			);
			path = NightlyFortune;
			sourceTree = "<group>";
		};
		19E11B9A2E2FC9BF00344005 /* Preview Content */ = {
			isa = PBXGroup;
			children = (
				19E11B9B2E2FC9BF00344005 /* Preview Assets.xcassets */,
			);
			path = "Preview Content";
			sourceTree = "<group>";
		};
		19E11BA42E2FC9C000344005 /* NightlyFortuneTests */ = {
			isa = PBXGroup;
			children = (
				19E11BA52E2FC9C000344005 /* NightlyFortuneTests.swift */,
			);
			path = NightlyFortuneTests;
			sourceTree = "<group>";
		};
		19E11BAE2E2FC9C000344005 /* NightlyFortuneUITests */ = {
			isa = PBXGroup;
			children = (
				19E11BAF2E2FC9C000344005 /* NightlyFortuneUITests.swift */,
				19E11BB12E2FC9C000344005 /* NightlyFortuneUITestsLaunchTests.swift */,
			);
			path = NightlyFortuneUITests;
			sourceTree = "<group>";
		};
/* End PBXGroup section */

/* Begin PBXNativeTarget section */
		19E11B902E2FC9BB00344005 /* NightlyFortune */ = {
			isa = PBXNativeTarget;
			buildConfigurationList = 19E11BB52E2FC9C000344005 /* Build configuration list for PBXNativeTarget "NightlyFortune" */;
			buildPhases = (
				19E11B8D2E2FC9BB00344005 /* Sources */,
				19E11B8E2E2FC9BB00344005 /* Frameworks */,
				19E11B8F2E2FC9BB00344005 /* Resources */,
			);
			buildRules = (
			);
			dependencies = (
			);
			name = NightlyFortune;
			productName = NightlyFortune;
			productReference = 19E11B912E2FC9BB00344005 /* NightlyFortune.app */;
			productType = "com.apple.product-type.application";
		};
		19E11BA02E2FC9C000344005 /* NightlyFortuneTests */ = {
			isa = PBXNativeTarget;
			buildConfigurationList = 19E11BB82E2FC9C000344005 /* Build configuration list for PBXNativeTarget "NightlyFortuneTests" */;
			buildPhases = (
				19E11B9D2E2FC9C000344005 /* Sources */,
				19E11B9E2E2FC9C000344005 /* Frameworks */,
				19E11B9F2E2FC9C000344005 /* Resources */,
			);
			buildRules = (
			);
			dependencies = (
				19E11BA32E2FC9C000344005 /* PBXTargetDependency */,
			);
			name = NightlyFortuneTests;
			productName = NightlyFortuneTests;
			productReference = 19E11BA12E2FC9C000344005 /* NightlyFortuneTests.xctest */;
			productType = "com.apple.product-type.bundle.unit-test";
		};
		19E11BAA2E2FC9C000344005 /* NightlyFortuneUITests */ = {
			isa = PBXNativeTarget;
			buildConfigurationList = 19E11BBB2E2FC9C000344005 /* Build configuration list for PBXNativeTarget "NightlyFortuneUITests" */;
			buildPhases = (
				19E11BA72E2FC9C000344005 /* Sources */,
				19E11BA82E2FC9C000344005 /* Frameworks */,
				19E11BA92E2FC9C000344005 /* Resources */,
			);
			buildRules = (
			);
			dependencies = (
				19E11BAD2E2FC9C000344005 /* PBXTargetDependency */,
			);
			name = NightlyFortuneUITests;
			productName = NightlyFortuneUITests;
			productReference = 19E11BAB2E2FC9C000344005 /* NightlyFortuneUITests.xctest */;
			productType = "com.apple.product-type.bundle.ui-testing";
		};
/* End PBXNativeTarget section */

/* Begin PBXProject section */
		19E11B892E2FC9BB00344005 /* Project object */ = {
			isa = PBXProject;
			attributes = {
				BuildIndependentTargetsInParallel = 1;
				LastSwiftUpdateCheck = 1520;
				LastUpgradeCheck = 1520;
				TargetAttributes = {
					19E11B902E2FC9BB00344005 = {
						CreatedOnToolsVersion = 15.2;
					};
					19E11BA02E2FC9C000344005 = {
						CreatedOnToolsVersion = 15.2;
						TestTargetID = 19E11B902E2FC9BB00344005;
					};
					19E11BAA2E2FC9C000344005 = {
						CreatedOnToolsVersion = 15.2;
						TestTargetID = 19E11B902E2FC9BB00344005;
					};
				};
			};
			buildConfigurationList = 19E11B8C2E2FC9BB00344005 /* Build configuration list for PBXProject "NightlyFortune" */;
			compatibilityVersion = "Xcode 14.0";
			developmentRegion = en;
			hasScannedForEncodings = 0;
			knownRegions = (
				en,
				Base,
			);
			mainGroup = 19E11B882E2FC9BB00344005;
			productRefGroup = 19E11B922E2FC9BB00344005 /* Products */;
			projectDirPath = "";
			projectRoot = "";
			targets = (
				19E11B902E2FC9BB00344005 /* NightlyFortune */,
				19E11BA02E2FC9C000344005 /* NightlyFortuneTests */,
				19E11BAA2E2FC9C000344005 /* NightlyFortuneUITests */,
			);
		};
/* End PBXProject section */

/* Begin PBXResourcesBuildPhase section */
		19E11B8F2E2FC9BB00344005 /* Resources */ = {
			isa = PBXResourcesBuildPhase;
			buildActionMask = 2147483647;
			files = (
				19E11B9C2E2FC9BF00344005 /* Preview Assets.xcassets in Resources */,
				19E11B992E2FC9BF00344005 /* Assets.xcassets in Resources */,
			);
			runOnlyForDeploymentPostprocessing = 0;
		};
		19E11B9F2E2FC9C000344005 /* Resources */ = {
			isa = PBXResourcesBuildPhase;
			buildActionMask = 2147483647;
			files = (
			);
			runOnlyForDeploymentPostprocessing = 0;
		};
		19E11BA92E2FC9C000344005 /* Resources */ = {
			isa = PBXResourcesBuildPhase;
			buildActionMask = 2147483647;
			files = (
			);
			runOnlyForDeploymentPostprocessing = 0;
		};
/* End PBXResourcesBuildPhase section */

/* Begin PBXSourcesBuildPhase section */
		19E11B8D2E2FC9BB00344005 /* Sources */ = {
			isa = PBXSourcesBuildPhase;
			buildActionMask = 2147483647;
			files = (
				19E11B972E2FC9BB00344005 /* ContentView.swift in Sources */,
				19E11B952E2FC9BB00344005 /* NightlyFortuneApp.swift in Sources */,
				19E11BC12E2FCA2500344005 /* NotificationManager.swift in Sources */,
				19E11BBF2E2FCA0400344005 /* FortuneManager.swift in Sources */,
			);
			runOnlyForDeploymentPostprocessing = 0;
		};
		19E11B9D2E2FC9C000344005 /* Sources */ = {
			isa = PBXSourcesBuildPhase;
			buildActionMask = 2147483647;
			files = (
				19E11BA62E2FC9C000344005 /* NightlyFortuneTests.swift in Sources */,
			);
			runOnlyForDeploymentPostprocessing = 0;
		};
		19E11BA72E2FC9C000344005 /* Sources */ = {
			isa = PBXSourcesBuildPhase;
			buildActionMask = 2147483647;
			files = (
				19E11BB22E2FC9C000344005 /* NightlyFortuneUITestsLaunchTests.swift in Sources */,
				19E11BB02E2FC9C000344005 /* NightlyFortuneUITests.swift in Sources */,
			);
			runOnlyForDeploymentPostprocessing = 0;
		};
/* End PBXSourcesBuildPhase section */

/* Begin PBXTargetDependency section */
		19E11BA32E2FC9C000344005 /* PBXTargetDependency */ = {
			isa = PBXTargetDependency;
			target = 19E11B902E2FC9BB00344005 /* NightlyFortune */;
			targetProxy = 19E11BA22E2FC9C000344005 /* PBXContainerItemProxy */;
		};
		19E11BAD2E2FC9C000344005 /* PBXTargetDependency */ = {
			isa = PBXTargetDependency;
			target = 19E11B902E2FC9BB00344005 /* NightlyFortune */;
			targetProxy = 19E11BAC2E2FC9C000344005 /* PBXContainerItemProxy */;
		};
/* End PBXTargetDependency section */

/* Begin XCBuildConfiguration section */
		19E11BB32E2FC9C000344005 /* Debug */ = {
			isa = XCBuildConfiguration;
			buildSettings = {
				ALWAYS_SEARCH_USER_PATHS = NO;
				ASSETCATALOG_COMPILER_GENERATE_SWIFT_ASSET_SYMBOL_EXTENSIONS = YES;
				CLANG_ANALYZER_NONNULL = YES;
				CLANG_ANALYZER_NUMBER_OBJECT_CONVERSION = YES_AGGRESSIVE;
				CLANG_CXX_LANGUAGE_STANDARD = "gnu++20";
				CLANG_ENABLE_MODULES = YES;
				CLANG_ENABLE_OBJC_ARC = YES;
				CLANG_ENABLE_OBJC_WEAK = YES;
				CLANG_WARN_BLOCK_CAPTURE_AUTORELEASING = YES;
				CLANG_WARN_BOOL_CONVERSION = YES;
				CLANG_WARN_COMMA = YES;
				CLANG_WARN_CONSTANT_CONVERSION = YES;
				CLANG_WARN_DEPRECATED_OBJC_IMPLEMENTATIONS = YES;
				CLANG_WARN_DIRECT_OBJC_ISA_USAGE = YES_ERROR;
				CLANG_WARN_DOCUMENTATION_COMMENTS = YES;
				CLANG_WARN_EMPTY_BODY = YES;
				CLANG_WARN_ENUM_CONVERSION = YES;
				CLANG_WARN_INFINITE_RECURSION = YES;
				CLANG_WARN_INT_CONVERSION = YES;
				CLANG_WARN_NON_LITERAL_NULL_CONVERSION = YES;
				CLANG_WARN_OBJC_IMPLICIT_RETAIN_SELF = YES;
				CLANG_WARN_OBJC_LITERAL_CONVERSION = YES;
				CLANG_WARN_OBJC_ROOT_CLASS = YES_ERROR;
				CLANG_WARN_QUOTED_INCLUDE_IN_FRAMEWORK_HEADER = YES;
				CLANG_WARN_RANGE_LOOP_ANALYSIS = YES;
				CLANG_WARN_STRICT_PROTOTYPES = YES;
				CLANG_WARN_SUSPICIOUS_MOVE = YES;
				CLANG_WARN_UNGUARDED_AVAILABILITY = YES_AGGRESSIVE;
				CLANG_WARN_UNREACHABLE_CODE = YES;
				CLANG_WARN__DUPLICATE_METHOD_MATCH = YES;
				COPY_PHASE_STRIP = NO;
				DEBUG_INFORMATION_FORMAT = dwarf;
				ENABLE_STRICT_OBJC_MSGSEND = YES;
				ENABLE_TESTABILITY = YES;
				ENABLE_USER_SCRIPT_SANDBOXING = YES;
				GCC_C_LANGUAGE_STANDARD = gnu17;
				GCC_DYNAMIC_NO_PIC = NO;
				GCC_NO_COMMON_BLOCKS = YES;
				GCC_OPTIMIZATION_LEVEL = 0;
				GCC_PREPROCESSOR_DEFINITIONS = (
					"DEBUG=1",
					"$(inherited)",
				);
				GCC_WARN_64_TO_32_BIT_CONVERSION = YES;
				GCC_WARN_ABOUT_RETURN_TYPE = YES_ERROR;
				GCC_WARN_UNDECLARED_SELECTOR = YES;
				GCC_WARN_UNINITIALIZED_AUTOS = YES_AGGRESSIVE;
				GCC_WARN_UNUSED_FUNCTION = YES;
				GCC_WARN_UNUSED_VARIABLE = YES;
				IPHONEOS_DEPLOYMENT_TARGET = 17.2;
				LOCALIZATION_PREFERS_STRING_CATALOGS = YES;
				MTL_ENABLE_DEBUG_INFO = INCLUDE_SOURCE;
				MTL_FAST_MATH = YES;
				ONLY_ACTIVE_ARCH = YES;
				SDKROOT = iphoneos;
				SWIFT_ACTIVE_COMPILATION_CONDITIONS = "DEBUG $(inherited)";
				SWIFT_OPTIMIZATION_LEVEL = "-Onone";
			};
			name = Debug;
		};
		19E11BB42E2FC9C000344005 /* Release */ = {
			isa = XCBuildConfiguration;
			buildSettings = {
				ALWAYS_SEARCH_USER_PATHS = NO;
				ASSETCATALOG_COMPILER_GENERATE_SWIFT_ASSET_SYMBOL_EXTENSIONS = YES;
				CLANG_ANALYZER_NONNULL = YES;
				CLANG_ANALYZER_NUMBER_OBJECT_CONVERSION = YES_AGGRESSIVE;
				CLANG_CXX_LANGUAGE_STANDARD = "gnu++20";
				CLANG_ENABLE_MODULES = YES;
				CLANG_ENABLE_OBJC_ARC = YES;
				CLANG_ENABLE_OBJC_WEAK = YES;
				CLANG_WARN_BLOCK_CAPTURE_AUTORELEASING = YES;
				CLANG_WARN_BOOL_CONVERSION = YES;
				CLANG_WARN_COMMA = YES;
				CLANG_WARN_CONSTANT_CONVERSION = YES;
				CLANG_WARN_DEPRECATED_OBJC_IMPLEMENTATIONS = YES;
				CLANG_WARN_DIRECT_OBJC_ISA_USAGE = YES_ERROR;
				CLANG_WARN_DOCUMENTATION_COMMENTS = YES;
				CLANG_WARN_EMPTY_BODY = YES;
				CLANG_WARN_ENUM_CONVERSION = YES;
				CLANG_WARN_INFINITE_RECURSION = YES;
				CLANG_WARN_INT_CONVERSION = YES;
				CLANG_WARN_NON_LITERAL_NULL_CONVERSION = YES;
				CLANG_WARN_OBJC_IMPLICIT_RETAIN_SELF = YES;
				CLANG_WARN_OBJC_LITERAL_CONVERSION = YES;
				CLANG_WARN_OBJC_ROOT_CLASS = YES_ERROR;
				CLANG_WARN_QUOTED_INCLUDE_IN_FRAMEWORK_HEADER = YES;
				CLANG_WARN_RANGE_LOOP_ANALYSIS = YES;
				CLANG_WARN_STRICT_PROTOTYPES = YES;
				CLANG_WARN_SUSPICIOUS_MOVE = YES;
				CLANG_WARN_UNGUARDED_AVAILABILITY = YES_AGGRESSIVE;
				CLANG_WARN_UNREACHABLE_CODE = YES;
				CLANG_WARN__DUPLICATE_METHOD_MATCH = YES;
				COPY_PHASE_STRIP = NO;
				DEBUG_INFORMATION_FORMAT = "dwarf-with-dsym";
				ENABLE_NS_ASSERTIONS = NO;
				ENABLE_STRICT_OBJC_MSGSEND = YES;
				ENABLE_USER_SCRIPT_SANDBOXING = YES;
				GCC_C_LANGUAGE_STANDARD = gnu17;
				GCC_NO_COMMON_BLOCKS = YES;
				GCC_WARN_64_TO_32_BIT_CONVERSION = YES;
				GCC_WARN_ABOUT_RETURN_TYPE = YES_ERROR;
				GCC_WARN_UNDECLARED_SELECTOR = YES;
				GCC_WARN_UNINITIALIZED_AUTOS = YES_AGGRESSIVE;
				GCC_WARN_UNUSED_FUNCTION = YES;
				GCC_WARN_UNUSED_VARIABLE = YES;
				IPHONEOS_DEPLOYMENT_TARGET = 17.2;
				LOCALIZATION_PREFERS_STRING_CATALOGS = YES;
				MTL_ENABLE_DEBUG_INFO = NO;
				MTL_FAST_MATH = YES;
				SDKROOT = iphoneos;
				SWIFT_COMPILATION_MODE = wholemodule;
				VALIDATE_PRODUCT = YES;
			};
			name = Release;
		};
		19E11BB62E2FC9C000344005 /* Debug */ = {
			isa = XCBuildConfiguration;
			buildSettings = {
				ASSETCATALOG_COMPILER_APPICON_NAME = AppIcon;
				ASSETCATALOG_COMPILER_GLOBAL_ACCENT_COLOR_NAME = AccentColor;
				CODE_SIGN_STYLE = Automatic;
				CURRENT_PROJECT_VERSION = 1;
				DEVELOPMENT_ASSET_PATHS = "\"NightlyFortune/Preview Content\"";
				DEVELOPMENT_TEAM = H5AGB5N7UC;
				ENABLE_PREVIEWS = YES;
				GENERATE_INFOPLIST_FILE = YES;
				INFOPLIST_KEY_UIApplicationSceneManifest_Generation = YES;
				INFOPLIST_KEY_UIApplicationSupportsIndirectInputEvents = YES;
				INFOPLIST_KEY_UILaunchScreen_Generation = YES;
				INFOPLIST_KEY_UISupportedInterfaceOrientations_iPad = "UIInterfaceOrientationPortrait UIInterfaceOrientationPortraitUpsideDown UIInterfaceOrientationLandscapeLeft UIInterfaceOrientationLandscapeRight";
				INFOPLIST_KEY_UISupportedInterfaceOrientations_iPhone = "UIInterfaceOrientationPortrait UIInterfaceOrientationLandscapeLeft UIInterfaceOrientationLandscapeRight";
				LD_RUNPATH_SEARCH_PATHS = (
					"$(inherited)",
					"@executable_path/Frameworks",
				);
				MARKETING_VERSION = 1.0;
				PRODUCT_BUNDLE_IDENTIFIER = FortuneIndiaLLC.NightlyFortune;
				PRODUCT_NAME = "$(TARGET_NAME)";
				SWIFT_EMIT_LOC_STRINGS = YES;
				SWIFT_VERSION = 5.0;
				TARGETED_DEVICE_FAMILY = "1,2";
			};
			name = Debug;
		};
		19E11BB72E2FC9C000344005 /* Release */ = {
			isa = XCBuildConfiguration;
			buildSettings = {
				ASSETCATALOG_COMPILER_APPICON_NAME = AppIcon;
				ASSETCATALOG_COMPILER_GLOBAL_ACCENT_COLOR_NAME = AccentColor;
				CODE_SIGN_STYLE = Automatic;
				CURRENT_PROJECT_VERSION = 1;
				DEVELOPMENT_ASSET_PATHS = "\"NightlyFortune/Preview Content\"";
				DEVELOPMENT_TEAM = H5AGB5N7UC;
				ENABLE_PREVIEWS = YES;
				GENERATE_INFOPLIST_FILE = YES;
				INFOPLIST_KEY_UIApplicationSceneManifest_Generation = YES;
				INFOPLIST_KEY_UIApplicationSupportsIndirectInputEvents = YES;
				INFOPLIST_KEY_UILaunchScreen_Generation = YES;
				INFOPLIST_KEY_UISupportedInterfaceOrientations_iPad = "UIInterfaceOrientationPortrait UIInterfaceOrientationPortraitUpsideDown UIInterfaceOrientationLandscapeLeft UIInterfaceOrientationLandscapeRight";
				INFOPLIST_KEY_UISupportedInterfaceOrientations_iPhone = "UIInterfaceOrientationPortrait UIInterfaceOrientationLandscapeLeft UIInterfaceOrientationLandscapeRight";
				LD_RUNPATH_SEARCH_PATHS = (
					"$(inherited)",
					"@executable_path/Frameworks",
				);
				MARKETING_VERSION = 1.0;
				PRODUCT_BUNDLE_IDENTIFIER = FortuneIndiaLLC.NightlyFortune;
				PRODUCT_NAME = "$(TARGET_NAME)";
				SWIFT_EMIT_LOC_STRINGS = YES;
				SWIFT_VERSION = 5.0;
				TARGETED_DEVICE_FAMILY = "1,2";
			};
			name = Release;
		};
		19E11BB92E2FC9C000344005 /* Debug */ = {
			isa = XCBuildConfiguration;
			buildSettings = {
				ALWAYS_EMBED_SWIFT_STANDARD_LIBRARIES = YES;
				BUNDLE_LOADER = "$(TEST_HOST)";
				CODE_SIGN_STYLE = Automatic;
				CURRENT_PROJECT_VERSION = 1;
				DEVELOPMENT_TEAM = H5AGB5N7UC;
				GENERATE_INFOPLIST_FILE = YES;
				IPHONEOS_DEPLOYMENT_TARGET = 17.2;
				MARKETING_VERSION = 1.0;
				PRODUCT_BUNDLE_IDENTIFIER = FortuneIndiaLLC.NightlyFortuneTests;
				PRODUCT_NAME = "$(TARGET_NAME)";
				SWIFT_EMIT_LOC_STRINGS = NO;
				SWIFT_VERSION = 5.0;
				TARGETED_DEVICE_FAMILY = "1,2";
				TEST_HOST = "$(BUILT_PRODUCTS_DIR)/NightlyFortune.app/$(BUNDLE_EXECUTABLE_FOLDER_PATH)/NightlyFortune";
			};
			name = Debug;
		};
		19E11BBA2E2FC9C000344005 /* Release */ = {
			isa = XCBuildConfiguration;
			buildSettings = {
				ALWAYS_EMBED_SWIFT_STANDARD_LIBRARIES = YES;
				BUNDLE_LOADER = "$(TEST_HOST)";
				CODE_SIGN_STYLE = Automatic;
				CURRENT_PROJECT_VERSION = 1;
				DEVELOPMENT_TEAM = H5AGB5N7UC;
				GENERATE_INFOPLIST_FILE = YES;
				IPHONEOS_DEPLOYMENT_TARGET = 17.2;
				MARKETING_VERSION = 1.0;
				PRODUCT_BUNDLE_IDENTIFIER = FortuneIndiaLLC.NightlyFortuneTests;
				PRODUCT_NAME = "$(TARGET_NAME)";
				SWIFT_EMIT_LOC_STRINGS = NO;
				SWIFT_VERSION = 5.0;
				TARGETED_DEVICE_FAMILY = "1,2";
				TEST_HOST = "$(BUILT_PRODUCTS_DIR)/NightlyFortune.app/$(BUNDLE_EXECUTABLE_FOLDER_PATH)/NightlyFortune";
			};
			name = Release;
		};
		19E11BBC2E2FC9C000344005 /* Debug */ = {
			isa = XCBuildConfiguration;
			buildSettings = {
				ALWAYS_EMBED_SWIFT_STANDARD_LIBRARIES = YES;
				CODE_SIGN_STYLE = Automatic;
				CURRENT_PROJECT_VERSION = 1;
				DEVELOPMENT_TEAM = H5AGB5N7UC;
				GENERATE_INFOPLIST_FILE = YES;
				MARKETING_VERSION = 1.0;
				PRODUCT_BUNDLE_IDENTIFIER = FortuneIndiaLLC.NightlyFortuneUITests;
				PRODUCT_NAME = "$(TARGET_NAME)";
				SWIFT_EMIT_LOC_STRINGS = NO;
				SWIFT_VERSION = 5.0;
				TARGETED_DEVICE_FAMILY = "1,2";
				TEST_TARGET_NAME = NightlyFortune;
			};
			name = Debug;
		};
		19E11BBD2E2FC9C000344005 /* Release */ = {
			isa = XCBuildConfiguration;
			buildSettings = {
				ALWAYS_EMBED_SWIFT_STANDARD_LIBRARIES = YES;
				CODE_SIGN_STYLE = Automatic;
				CURRENT_PROJECT_VERSION = 1;
				DEVELOPMENT_TEAM = H5AGB5N7UC;
				GENERATE_INFOPLIST_FILE = YES;
				MARKETING_VERSION = 1.0;
				PRODUCT_BUNDLE_IDENTIFIER = FortuneIndiaLLC.NightlyFortuneUITests;
				PRODUCT_NAME = "$(TARGET_NAME)";
				SWIFT_EMIT_LOC_STRINGS = NO;
				SWIFT_VERSION = 5.0;
				TARGETED_DEVICE_FAMILY = "1,2";
				TEST_TARGET_NAME = NightlyFortune;
			};
			name = Release;
		};
/* End XCBuildConfiguration section */

/* Begin XCConfigurationList section */
		19E11B8C2E2FC9BB00344005 /* Build configuration list for PBXProject "NightlyFortune" */ = {
			isa = XCConfigurationList;
			buildConfigurations = (
				19E11BB32E2FC9C000344005 /* Debug */,
				19E11BB42E2FC9C000344005 /* Release */,
			);
			defaultConfigurationIsVisible = 0;
			defaultConfigurationName = Release;
		};
		19E11BB52E2FC9C000344005 /* Build configuration list for PBXNativeTarget "NightlyFortune" */ = {
			isa = XCConfigurationList;
			buildConfigurations = (
				19E11BB62E2FC9C000344005 /* Debug */,
				19E11BB72E2FC9C000344005 /* Release */,
			);
			defaultConfigurationIsVisible = 0;
			defaultConfigurationName = Release;
		};
		19E11BB82E2FC9C000344005 /* Build configuration list for PBXNativeTarget "NightlyFortuneTests" */ = {
			isa = XCConfigurationList;
			buildConfigurations = (
				19E11BB92E2FC9C000344005 /* Debug */,
				19E11BBA2E2FC9C000344005 /* Release */,
			);
			defaultConfigurationIsVisible = 0;
			defaultConfigurationName = Release;
		};
		19E11BBB2E2FC9C000344005 /* Build configuration list for PBXNativeTarget "NightlyFortuneUITests" */ = {
			isa = XCConfigurationList;
			buildConfigurations = (
				19E11BBC2E2FC9C000344005 /* Debug */,
				19E11BBD2E2FC9C000344005 /* Release */,
			);
			defaultConfigurationIsVisible = 0;
			defaultConfigurationName = Release;
		};
/* End XCConfigurationList section */
	};
	rootObject = 19E11B892E2FC9BB00344005 /* Project object */;
}
